
Microsoft Visual Studio Solution File, Format Version 12.00
# Visual Studio Version 17
VisualStudioVersion = 17.7.34031.279
MinimumVisualStudioVersion = 10.0.40219.1
Project("{FAE04EC0-301F-11D3-BF4B-00C04F79EFBC}") = "MetroCansDeviceSimulator", "MetroCansDeviceSimulator\MetroCansDeviceSimulator.csproj", "{55B05C70-C808-4C5B-BACF-B2EAC4106659}"
EndProject
Global
	GlobalSection(SolutionConfigurationPlatforms) = preSolution
		Debug|Any CPU = Debug|Any CPU
		Release|Any CPU = Release|Any CPU
	EndGlobalSection
	GlobalSection(ProjectConfigurationPlatforms) = postSolution
		{55B05C70-C808-4C5B-BACF-B2EAC4106659}.Debug|Any CPU.ActiveCfg = Debug|Any CPU
		{55B05C70-C808-4C5B-BACF-B2EAC4106659}.Debug|Any CPU.Build.0 = Debug|Any CPU
		{55B05C70-C808-4C5B-BACF-B2EAC4106659}.Release|Any CPU.ActiveCfg = Release|Any CPU
		{55B05C70-C808-4C5B-BACF-B2EAC4106659}.Release|Any CPU.Build.0 = Release|Any CPU
	EndGlobalSection
	GlobalSection(SolutionProperties) = preSolution
		HideSolutionNode = FALSE
	EndGlobalSection
	GlobalSection(ExtensibilityGlobals) = postSolution
		SolutionGuid = {B83CE235-0988-4119-9F7E-031BFD326C7F}
	EndGlobalSection
EndGlobal
